PODS:
  - mokoMvvmFlowSwiftUI (0.16.1)
  - shared (1.0)

DEPENDENCIES:
  - mokoMvvmFlowSwiftUI (from `https://raw.githubusercontent.com/icerockdev/moko-mvvm/release/0.16.1/mokoMvvmFlowSwiftUI.podspec`)
  - shared (from `../shared`)

EXTERNAL SOURCES:
  mokoMvvmFlowSwiftUI:
    :podspec: https://raw.githubusercontent.com/icerockdev/moko-mvvm/release/0.16.1/mokoMvvmFlowSwiftUI.podspec
  shared:
    :path: "../shared"

SPEC CHECKSUMS:
  mokoMvvmFlowSwiftUI: e2ecbc38ea996fc376bf297041aeaad06ac44c89
  shared: c7971269d12d8f790b08986edec2a7ae46f80d41

PODFILE CHECKSUM: ea355a3f7cb965385702df2347da072081de053c

COCOAPODS: 1.14.3
